
Microsoft Visual Studio Solution File, Format Version 12.00
# Visual Studio Version 16
VisualStudioVersion = 16.0.30320.27
MinimumVisualStudioVersion = 10.0.40219.1
Project("{FAE04EC0-301F-11D3-BF4B-00C04F79EFBC}") = "Sission3", "Sission3\Sission3.csproj", "{50E841F4-1158-49AC-B50B-D733031870B9}"
EndProject
Global
	GlobalSection(SolutionConfigurationPlatforms) = preSolution
		Debug|Any CPU = Debug|Any CPU
		Release|Any CPU = Release|Any CPU
	EndGlobalSection
	GlobalSection(ProjectConfigurationPlatforms) = postSolution
		{50E841F4-1158-49AC-B50B-D733031870B9}.Debug|Any CPU.ActiveCfg = Debug|Any CPU
		{50E841F4-1158-49AC-B50B-D733031870B9}.Debug|Any CPU.Build.0 = Debug|Any CPU
		{50E841F4-1158-49AC-B50B-D733031870B9}.Release|Any CPU.ActiveCfg = Release|Any CPU
		{50E841F4-1158-49AC-B50B-D733031870B9}.Release|Any CPU.Build.0 = Release|Any CPU
	EndGlobalSection
	GlobalSection(SolutionProperties) = preSolution
		HideSolutionNode = FALSE
	EndGlobalSection
	GlobalSection(ExtensibilityGlobals) = postSolution
		SolutionGuid = {916AD584-797C-46A5-AC5F-A4AEDED9EEC4}
	EndGlobalSection
EndGlobal
